
Microsoft Visual Studio Solution File, Format Version 12.00
# Visual Studio Version 17
VisualStudioVersion = 17.14.36301.6
MinimumVisualStudioVersion = 10.0.40219.1
Project("{FAE04EC0-301F-11D3-BF4B-00C04F79EFBC}") = "Api", "project1\Api.csproj", "{6A04CF52-2815-4C8E-B399-16C79C619648}"
EndProject
Project("{FAE04EC0-301F-11D3-BF4B-00C04F79EFBC}") = "Services", "Services\Services.csproj", "{A53A13D5-2B20-405C-A554-7E7BF8AED6E0}"
EndProject
Project("{FAE04EC0-301F-11D3-BF4B-00C04F79EFBC}") = "Repository", "repository\Repository.csproj", "{30583CDB-A712-4C7F-9ACF-A185F01930BA}"
EndProject
Project("{FAE04EC0-301F-11D3-BF4B-00C04F79EFBC}") = "Model", "User\Model.csproj", "{F4C0AFC5-FCDC-45C1-82E1-5599C5187D1B}"
EndProject
Project("{FAE04EC0-301F-11D3-BF4B-00C04F79EFBC}") = "Dto", "ClassLibrary1\Dto.csproj", "{0A149FA2-5AAF-41B9-A16C-6A6964108B0E}"
EndProject
Project("{FAE04EC0-301F-11D3-BF4B-00C04F79EFBC}") = "Tests", "Tests\Tests.csproj", "{C0A9BE09-DBA2-4AA7-99FA-C04D8D285E9D}"
EndProject
Global
	GlobalSection(SolutionConfigurationPlatforms) = preSolution
		Debug|Any CPU = Debug|Any CPU
		Release|Any CPU = Release|Any CPU
	EndGlobalSection
	GlobalSection(ProjectConfigurationPlatforms) = postSolution
		{6A04CF52-2815-4C8E-B399-16C79C619648}.Debug|Any CPU.ActiveCfg = Debug|Any CPU
		{6A04CF52-2815-4C8E-B399-16C79C619648}.Debug|Any CPU.Build.0 = Debug|Any CPU
		{6A04CF52-2815-4C8E-B399-16C79C619648}.Release|Any CPU.ActiveCfg = Release|Any CPU
		{6A04CF52-2815-4C8E-B399-16C79C619648}.Release|Any CPU.Build.0 = Release|Any CPU
		{A53A13D5-2B20-405C-A554-7E7BF8AED6E0}.Debug|Any CPU.ActiveCfg = Debug|Any CPU
		{A53A13D5-2B20-405C-A554-7E7BF8AED6E0}.Debug|Any CPU.Build.0 = Debug|Any CPU
		{A53A13D5-2B20-405C-A554-7E7BF8AED6E0}.Release|Any CPU.ActiveCfg = Release|Any CPU
		{A53A13D5-2B20-405C-A554-7E7BF8AED6E0}.Release|Any CPU.Build.0 = Release|Any CPU
		{30583CDB-A712-4C7F-9ACF-A185F01930BA}.Debug|Any CPU.ActiveCfg = Debug|Any CPU
		{30583CDB-A712-4C7F-9ACF-A185F01930BA}.Debug|Any CPU.Build.0 = Debug|Any CPU
		{30583CDB-A712-4C7F-9ACF-A185F01930BA}.Release|Any CPU.ActiveCfg = Release|Any CPU
		{30583CDB-A712-4C7F-9ACF-A185F01930BA}.Release|Any CPU.Build.0 = Release|Any CPU
		{F4C0AFC5-FCDC-45C1-82E1-5599C5187D1B}.Debug|Any CPU.ActiveCfg = Debug|Any CPU
		{F4C0AFC5-FCDC-45C1-82E1-5599C5187D1B}.Debug|Any CPU.Build.0 = Debug|Any CPU
		{F4C0AFC5-FCDC-45C1-82E1-5599C5187D1B}.Release|Any CPU.ActiveCfg = Release|Any CPU
		{F4C0AFC5-FCDC-45C1-82E1-5599C5187D1B}.Release|Any CPU.Build.0 = Release|Any CPU
		{0A149FA2-5AAF-41B9-A16C-6A6964108B0E}.Debug|Any CPU.ActiveCfg = Debug|Any CPU
		{0A149FA2-5AAF-41B9-A16C-6A6964108B0E}.Debug|Any CPU.Build.0 = Debug|Any CPU
		{0A149FA2-5AAF-41B9-A16C-6A6964108B0E}.Release|Any CPU.ActiveCfg = Release|Any CPU
		{0A149FA2-5AAF-41B9-A16C-6A6964108B0E}.Release|Any CPU.Build.0 = Release|Any CPU
		{C0A9BE09-DBA2-4AA7-99FA-C04D8D285E9D}.Debug|Any CPU.ActiveCfg = Debug|Any CPU
		{C0A9BE09-DBA2-4AA7-99FA-C04D8D285E9D}.Debug|Any CPU.Build.0 = Debug|Any CPU
		{C0A9BE09-DBA2-4AA7-99FA-C04D8D285E9D}.Release|Any CPU.ActiveCfg = Release|Any CPU
		{C0A9BE09-DBA2-4AA7-99FA-C04D8D285E9D}.Release|Any CPU.Build.0 = Release|Any CPU
	EndGlobalSection
	GlobalSection(SolutionProperties) = preSolution
		HideSolutionNode = FALSE
	EndGlobalSection
	GlobalSection(ExtensibilityGlobals) = postSolution
		SolutionGuid = {A70EA25C-A356-4D54-9F69-6A9B74D09E93}
	EndGlobalSection
EndGlobal
